
Microsoft Visual Studio Solution File, Format Version 12.00
# Visual Studio Version 16
VisualStudioVersion = 16.0.30114.105
MinimumVisualStudioVersion = 10.0.40219.1
Project("{FAE04EC0-301F-11D3-BF4B-00C04F79EFBC}") = "NcoVAppUpdate.Android", "NcoVAppUpdate.Android\NcoVAppUpdate.Android.csproj", "{5EF7DA9E-FBE5-425F-96D7-37233C76D0DF}"
EndProject
Project("{9A19103F-16F7-4668-BE54-9A1E7A4F7556}") = "NcoVAppUpdate", "NcoVAppUpdate\NcoVAppUpdate.csproj", "{B4A3E439-AF4D-4D40-8549-F33CD91A8ACD}"
EndProject
Project("{2150E333-8FDC-42A3-9474-1A3956D46DE8}") = "Solution Items", "Solution Items", "{9A1016A8-ECEE-47DA-8CAA-AF02B65934AC}"
	ProjectSection(SolutionItems) = preProject
		.editorconfig = .editorconfig
	EndProjectSection
EndProject
Global
	GlobalSection(SolutionConfigurationPlatforms) = preSolution
		Debug|Any CPU = Debug|Any CPU
		Release|Any CPU = Release|Any CPU
	EndGlobalSection
	GlobalSection(ProjectConfigurationPlatforms) = postSolution
		{5EF7DA9E-FBE5-425F-96D7-37233C76D0DF}.Debug|Any CPU.ActiveCfg = Debug|Any CPU
		{5EF7DA9E-FBE5-425F-96D7-37233C76D0DF}.Debug|Any CPU.Build.0 = Debug|Any CPU
		{5EF7DA9E-FBE5-425F-96D7-37233C76D0DF}.Debug|Any CPU.Deploy.0 = Debug|Any CPU
		{5EF7DA9E-FBE5-425F-96D7-37233C76D0DF}.Release|Any CPU.ActiveCfg = Release|Any CPU
		{5EF7DA9E-FBE5-425F-96D7-37233C76D0DF}.Release|Any CPU.Build.0 = Release|Any CPU
		{5EF7DA9E-FBE5-425F-96D7-37233C76D0DF}.Release|Any CPU.Deploy.0 = Release|Any CPU
		{B4A3E439-AF4D-4D40-8549-F33CD91A8ACD}.Debug|Any CPU.ActiveCfg = Debug|Any CPU
		{B4A3E439-AF4D-4D40-8549-F33CD91A8ACD}.Debug|Any CPU.Build.0 = Debug|Any CPU
		{B4A3E439-AF4D-4D40-8549-F33CD91A8ACD}.Release|Any CPU.ActiveCfg = Release|Any CPU
		{B4A3E439-AF4D-4D40-8549-F33CD91A8ACD}.Release|Any CPU.Build.0 = Release|Any CPU
	EndGlobalSection
	GlobalSection(SolutionProperties) = preSolution
		HideSolutionNode = FALSE
	EndGlobalSection
	GlobalSection(ExtensibilityGlobals) = postSolution
		SolutionGuid = {A9095538-6A98-460C-B689-E397FF956E07}
	EndGlobalSection
EndGlobal
